
Microsoft Visual Studio Solution File, Format Version 12.00
# Visual Studio Version 16
VisualStudioVersion = 16.0.30406.217
MinimumVisualStudioVersion = 10.0.40219.1
Project("{8BC9CEB8-8B4A-11D0-8D11-00A0C91BC942}") = "FirstProject", "FirstProject\FirstProject.vcxproj", "{C38271C5-B8C0-47B8-ACAC-C900D9D1639A}"
EndProject
Global
	GlobalSection(SolutionConfigurationPlatforms) = preSolution
		Debug|x64 = Debug|x64
		Debug|x86 = Debug|x86
		Release|x64 = Release|x64
		Release|x86 = Release|x86
	EndGlobalSection
	GlobalSection(ProjectConfigurationPlatforms) = postSolution
		{C38271C5-B8C0-47B8-ACAC-C900D9D1639A}.Debug|x64.ActiveCfg = Debug|x64
		{C38271C5-B8C0-47B8-ACAC-C900D9D1639A}.Debug|x64.Build.0 = Debug|x64
		{C38271C5-B8C0-47B8-ACAC-C900D9D1639A}.Debug|x86.ActiveCfg = Debug|Win32
		{C38271C5-B8C0-47B8-ACAC-C900D9D1639A}.Debug|x86.Build.0 = Debug|Win32
		{C38271C5-B8C0-47B8-ACAC-C900D9D1639A}.Release|x64.ActiveCfg = Release|x64
		{C38271C5-B8C0-47B8-ACAC-C900D9D1639A}.Release|x64.Build.0 = Release|x64
		{C38271C5-B8C0-47B8-ACAC-C900D9D1639A}.Release|x86.ActiveCfg = Release|Win32
		{C38271C5-B8C0-47B8-ACAC-C900D9D1639A}.Release|x86.Build.0 = Release|Win32
	EndGlobalSection
	GlobalSection(SolutionProperties) = preSolution
		HideSolutionNode = FALSE
	EndGlobalSection
	GlobalSection(ExtensibilityGlobals) = postSolution
		SolutionGuid = {255AAFC0-0A0F-4ECF-8A9E-408AF71909D8}
	EndGlobalSection
EndGlobal
